
Microsoft Visual Studio Solution File, Format Version 12.00
# Visual Studio 15
VisualStudioVersion = 15.0.28010.2019
MinimumVisualStudioVersion = 10.0.40219.1
Project("{9A19103F-16F7-4668-BE54-9A1E7A4F7556}") = "AzureSignalR", "AzureSignalR.csproj", "{676C7BE8-E776-4235-933C-25CE67493A0F}"
EndProject
Global
	GlobalSection(SolutionConfigurationPlatforms) = preSolution
		Debug|Any CPU = Debug|Any CPU
		Release|Any CPU = Release|Any CPU
	EndGlobalSection
	GlobalSection(ProjectConfigurationPlatforms) = postSolution
		{676C7BE8-E776-4235-933C-25CE67493A0F}.Debug|Any CPU.ActiveCfg = Debug|Any CPU
		{676C7BE8-E776-4235-933C-25CE67493A0F}.Debug|Any CPU.Build.0 = Debug|Any CPU
		{676C7BE8-E776-4235-933C-25CE67493A0F}.Release|Any CPU.ActiveCfg = Release|Any CPU
		{676C7BE8-E776-4235-933C-25CE67493A0F}.Release|Any CPU.Build.0 = Release|Any CPU
	EndGlobalSection
	GlobalSection(SolutionProperties) = preSolution
		HideSolutionNode = FALSE
	EndGlobalSection
	GlobalSection(ExtensibilityGlobals) = postSolution
		SolutionGuid = {44217E92-EBB6-416B-AC66-7205C7DD83E3}
	EndGlobalSection
EndGlobal
